
Microsoft Visual Studio Solution File, Format Version 12.00
# Visual Studio 15
VisualStudioVersion = 15.0.27130.2003
MinimumVisualStudioVersion = 10.0.40219.1
Project("{FAE04EC0-301F-11D3-BF4B-00C04F79EFBC}") = "SuperCalculator", "SuperCalculator\SuperCalculator.csproj", "{374780EB-69AD-44EC-B92B-864944D39F4C}"
EndProject
Global
	GlobalSection(SolutionConfigurationPlatforms) = preSolution
		Debug|Any CPU = Debug|Any CPU
		Release|Any CPU = Release|Any CPU
	EndGlobalSection
	GlobalSection(ProjectConfigurationPlatforms) = postSolution
		{374780EB-69AD-44EC-B92B-864944D39F4C}.Debug|Any CPU.ActiveCfg = Debug|Any CPU
		{374780EB-69AD-44EC-B92B-864944D39F4C}.Debug|Any CPU.Build.0 = Debug|Any CPU
		{374780EB-69AD-44EC-B92B-864944D39F4C}.Release|Any CPU.ActiveCfg = Release|Any CPU
		{374780EB-69AD-44EC-B92B-864944D39F4C}.Release|Any CPU.Build.0 = Release|Any CPU
	EndGlobalSection
	GlobalSection(SolutionProperties) = preSolution
		HideSolutionNode = FALSE
	EndGlobalSection
	GlobalSection(ExtensibilityGlobals) = postSolution
		SolutionGuid = {E5EDD26D-1432-490C-AEE0-56073C238B37}
	EndGlobalSection
EndGlobal
