
Microsoft Visual Studio Solution File, Format Version 12.00
# Visual Studio 15
VisualStudioVersion = 15.0.27130.2003
MinimumVisualStudioVersion = 10.0.40219.1
Project("{FAE04EC0-301F-11D3-BF4B-00C04F79EFBC}") = "StandartDeviation", "StandartDeviation\StandartDeviation.csproj", "{D38B72A5-9962-4A4A-A7B8-B78CA79FD6BC}"
EndProject
Global
	GlobalSection(SolutionConfigurationPlatforms) = preSolution
		Debug|Any CPU = Debug|Any CPU
		Release|Any CPU = Release|Any CPU
	EndGlobalSection
	GlobalSection(ProjectConfigurationPlatforms) = postSolution
		{D38B72A5-9962-4A4A-A7B8-B78CA79FD6BC}.Debug|Any CPU.ActiveCfg = Debug|Any CPU
		{D38B72A5-9962-4A4A-A7B8-B78CA79FD6BC}.Debug|Any CPU.Build.0 = Debug|Any CPU
		{D38B72A5-9962-4A4A-A7B8-B78CA79FD6BC}.Release|Any CPU.ActiveCfg = Release|Any CPU
		{D38B72A5-9962-4A4A-A7B8-B78CA79FD6BC}.Release|Any CPU.Build.0 = Release|Any CPU
	EndGlobalSection
	GlobalSection(SolutionProperties) = preSolution
		HideSolutionNode = FALSE
	EndGlobalSection
	GlobalSection(ExtensibilityGlobals) = postSolution
		SolutionGuid = {89E790CF-8CFC-40CE-8704-9FFFB58C9C80}
	EndGlobalSection
EndGlobal
