
Microsoft Visual Studio Solution File, Format Version 12.00
# Visual Studio 15
VisualStudioVersion = 15.0.27130.2003
MinimumVisualStudioVersion = 10.0.40219.1
Project("{FAE04EC0-301F-11D3-BF4B-00C04F79EFBC}") = "Stats", "Stats\Stats.csproj", "{EA84FC34-2949-4847-907F-A7A09CDE0367}"
EndProject
Global
	GlobalSection(SolutionConfigurationPlatforms) = preSolution
		Debug|Any CPU = Debug|Any CPU
		Release|Any CPU = Release|Any CPU
	EndGlobalSection
	GlobalSection(ProjectConfigurationPlatforms) = postSolution
		{EA84FC34-2949-4847-907F-A7A09CDE0367}.Debug|Any CPU.ActiveCfg = Debug|Any CPU
		{EA84FC34-2949-4847-907F-A7A09CDE0367}.Debug|Any CPU.Build.0 = Debug|Any CPU
		{EA84FC34-2949-4847-907F-A7A09CDE0367}.Release|Any CPU.ActiveCfg = Release|Any CPU
		{EA84FC34-2949-4847-907F-A7A09CDE0367}.Release|Any CPU.Build.0 = Release|Any CPU
	EndGlobalSection
	GlobalSection(SolutionProperties) = preSolution
		HideSolutionNode = FALSE
	EndGlobalSection
	GlobalSection(ExtensibilityGlobals) = postSolution
		SolutionGuid = {F8C60607-3CAE-4776-955D-0622B74114CB}
	EndGlobalSection
EndGlobal
